
Microsoft Visual Studio Solution File, Format Version 12.00
# Visual Studio Version 17
VisualStudioVersion = 17.4.33213.308
MinimumVisualStudioVersion = 10.0.40219.1
Project("{FAE04EC0-301F-11D3-BF4B-00C04F79EFBC}") = "Redis Demo", "Redis Demo\Redis Demo.csproj", "{5BBD72A5-DBA1-47CB-80C9-3DB2A9622AE0}"
EndProject
Global
	GlobalSection(SolutionConfigurationPlatforms) = preSolution
		Debug|Any CPU = Debug|Any CPU
		Release|Any CPU = Release|Any CPU
	EndGlobalSection
	GlobalSection(ProjectConfigurationPlatforms) = postSolution
		{5BBD72A5-DBA1-47CB-80C9-3DB2A9622AE0}.Debug|Any CPU.ActiveCfg = Debug|Any CPU
		{5BBD72A5-DBA1-47CB-80C9-3DB2A9622AE0}.Debug|Any CPU.Build.0 = Debug|Any CPU
		{5BBD72A5-DBA1-47CB-80C9-3DB2A9622AE0}.Release|Any CPU.ActiveCfg = Release|Any CPU
		{5BBD72A5-DBA1-47CB-80C9-3DB2A9622AE0}.Release|Any CPU.Build.0 = Release|Any CPU
	EndGlobalSection
	GlobalSection(SolutionProperties) = preSolution
		HideSolutionNode = FALSE
	EndGlobalSection
	GlobalSection(ExtensibilityGlobals) = postSolution
		SolutionGuid = {9AE56FC7-DE93-4000-A089-91D8440C3504}
	EndGlobalSection
EndGlobal
